
Microsoft Visual Studio Solution File, Format Version 12.00
# Visual Studio Version 17
VisualStudioVersion = 17.9.34728.123
MinimumVisualStudioVersion = 10.0.40219.1
Project("{FAE04EC0-301F-11D3-BF4B-00C04F79EFBC}") = "NetApplication", "NetApplication.csproj", "{3588148A-3FCD-4A0F-AE08-0A3F07EF9519}"
EndProject
Global
	GlobalSection(SolutionConfigurationPlatforms) = preSolution
		Debug|Any CPU = Debug|Any CPU
		Release|Any CPU = Release|Any CPU
	EndGlobalSection
	GlobalSection(ProjectConfigurationPlatforms) = postSolution
		{3588148A-3FCD-4A0F-AE08-0A3F07EF9519}.Debug|Any CPU.ActiveCfg = Debug|Any CPU
		{3588148A-3FCD-4A0F-AE08-0A3F07EF9519}.Debug|Any CPU.Build.0 = Debug|Any CPU
		{3588148A-3FCD-4A0F-AE08-0A3F07EF9519}.Release|Any CPU.ActiveCfg = Release|Any CPU
		{3588148A-3FCD-4A0F-AE08-0A3F07EF9519}.Release|Any CPU.Build.0 = Release|Any CPU
	EndGlobalSection
	GlobalSection(SolutionProperties) = preSolution
		HideSolutionNode = FALSE
	EndGlobalSection
	GlobalSection(ExtensibilityGlobals) = postSolution
		SolutionGuid = {6C764637-1C7D-4227-A48E-2FB551F25E54}
	EndGlobalSection
EndGlobal
